// !$*UTF8*$!
{
	archiveVersion = 1;
	classes = {
	};
	objectVersion = 77;
	objects = {

/* Begin PBXBuildFile section */
		E8631CE92E874A5D00B15EA3 /* FirebaseAnalytics in Frameworks */ = {isa = PBXBuildFile; productRef = E8631CE82E874A5D00B15EA3 /* FirebaseAnalytics */; };
		E8631CEB2E874A5D00B15EA3 /* FirebaseMessaging in Frameworks */ = {isa = PBXBuildFile; productRef = E8631CEA2E874A5D00B15EA3 /* FirebaseMessaging */; };
/* End PBXBuildFile section */

/* Begin PBXContainerItemProxy section */
		E883FD7F2DFA033D0081A8AE /* PBXContainerItemProxy */ = {
			isa = PBXContainerItemProxy;
			containerPortal = E883FD692DFA033C0081A8AE /* Project object */;
			proxyType = 1;
			remoteGlobalIDString = E883FD702DFA033C0081A8AE;
			remoteInfo = "UTD-marketplace";
		};
		E883FD892DFA033D0081A8AE /* PBXContainerItemProxy */ = {
			isa = PBXContainerItemProxy;
			containerPortal = E883FD692DFA033C0081A8AE /* Project object */;
			proxyType = 1;
			remoteGlobalIDString = E883FD702DFA033C0081A8AE;
			remoteInfo = "UTD-marketplace";
		};
/* End PBXContainerItemProxy section */

/* Begin PBXFileReference section */
		E883FD712DFA033C0081A8AE /* UTD-marketplace.app */ = {isa = PBXFileReference; explicitFileType = wrapper.application; includeInIndex = 0; path = "UTD-marketplace.app"; sourceTree = BUILT_PRODUCTS_DIR; };
		E883FD7E2DFA033D0081A8AE /* UTD-marketplaceTests.xctest */ = {isa = PBXFileReference; explicitFileType = wrapper.cfbundle; includeInIndex = 0; path = "UTD-marketplaceTests.xctest"; sourceTree = BUILT_PRODUCTS_DIR; };
		E883FD882DFA033D0081A8AE /* UTD-marketplaceUITests.xctest */ = {isa = PBXFileReference; explicitFileType = wrapper.cfbundle; includeInIndex = 0; path = "UTD-marketplaceUITests.xctest"; sourceTree = BUILT_PRODUCTS_DIR; };
/* End PBXFileReference section */

/* Begin PBXFileSystemSynchronizedRootGroup section */
		E883FD732DFA033C0081A8AE /* UTD-marketplace */ = {
			isa = PBXFileSystemSynchronizedRootGroup;
			path = "UTD-marketplace";
			sourceTree = "<group>";
		};
		E883FD812DFA033D0081A8AE /* UTD-marketplaceTests */ = {
			isa = PBXFileSystemSynchronizedRootGroup;
			path = "UTD-marketplaceTests";
			sourceTree = "<group>";
		};
		E883FD8B2DFA033D0081A8AE /* UTD-marketplaceUITests */ = {
			isa = PBXFileSystemSynchronizedRootGroup;
			path = "UTD-marketplaceUITests";
			sourceTree = "<group>";
		};
/* End PBXFileSystemSynchronizedRootGroup section */

/* Begin PBXFrameworksBuildPhase section */
		E883FD6E2DFA033C0081A8AE /* Frameworks */ = {
			isa = PBXFrameworksBuildPhase;
			buildActionMask = 2147483647;
			files = (
				E8631CEB2E874A5D00B15EA3 /* FirebaseMessaging in Frameworks */,
				E8631CE92E874A5D00B15EA3 /* FirebaseAnalytics in Frameworks */,
			);
			runOnlyForDeploymentPostprocessing = 0;
		};
		E883FD7B2DFA033D0081A8AE /* Frameworks */ = {
			isa = PBXFrameworksBuildPhase;
			buildActionMask = 2147483647;
			files = (
			);
			runOnlyForDeploymentPostprocessing = 0;
		};
		E883FD852DFA033D0081A8AE /* Frameworks */ = {
			isa = PBXFrameworksBuildPhase;
			buildActionMask = 2147483647;
			files = (
			);
			runOnlyForDeploymentPostprocessing = 0;
		};
/* End PBXFrameworksBuildPhase section */

/* Begin PBXGroup section */
		E883FD682DFA033C0081A8AE = {
			isa = PBXGroup;
			children = (
				E883FD732DFA033C0081A8AE /* UTD-marketplace */,
				E883FD812DFA033D0081A8AE /* UTD-marketplaceTests */,
				E883FD8B2DFA033D0081A8AE /* UTD-marketplaceUITests */,
				E883FD722DFA033C0081A8AE /* Products */,
			);
			sourceTree = "<group>";
		};
		E883FD722DFA033C0081A8AE /* Products */ = {
			isa = PBXGroup;
			children = (
				E883FD712DFA033C0081A8AE /* UTD-marketplace.app */,
				E883FD7E2DFA033D0081A8AE /* UTD-marketplaceTests.xctest */,
				E883FD882DFA033D0081A8AE /* UTD-marketplaceUITests.xctest */,
			);
			name = Products;
			sourceTree = "<group>";
		};
/* End PBXGroup section */

/* Begin PBXNativeTarget section */
		E883FD702DFA033C0081A8AE /* UTD-marketplace */ = {
			isa = PBXNativeTarget;
			buildConfigurationList = E883FD922DFA033D0081A8AE /* Build configuration list for PBXNativeTarget "UTD-marketplace" */;
			buildPhases = (
				E883FD6D2DFA033C0081A8AE /* Sources */,
				E883FD6E2DFA033C0081A8AE /* Frameworks */,
				E883FD6F2DFA033C0081A8AE /* Resources */,
			);
			buildRules = (
			);
			dependencies = (
			);
			fileSystemSynchronizedGroups = (
				E883FD732DFA033C0081A8AE /* UTD-marketplace */,
			);
			name = "UTD-marketplace";
			packageProductDependencies = (
				E8631CE82E874A5D00B15EA3 /* FirebaseAnalytics */,
				E8631CEA2E874A5D00B15EA3 /* FirebaseMessaging */,
			);
			productName = "UTD-marketplace";
			productReference = E883FD712DFA033C0081A8AE /* UTD-marketplace.app */;
			productType = "com.apple.product-type.application";
		};
		E883FD7D2DFA033D0081A8AE /* UTD-marketplaceTests */ = {
			isa = PBXNativeTarget;
			buildConfigurationList = E883FD952DFA033D0081A8AE /* Build configuration list for PBXNativeTarget "UTD-marketplaceTests" */;
			buildPhases = (
				E883FD7A2DFA033D0081A8AE /* Sources */,
				E883FD7B2DFA033D0081A8AE /* Frameworks */,
				E883FD7C2DFA033D0081A8AE /* Resources */,
			);
			buildRules = (
			);
			dependencies = (
				E883FD802DFA033D0081A8AE /* PBXTargetDependency */,
			);
			fileSystemSynchronizedGroups = (
				E883FD812DFA033D0081A8AE /* UTD-marketplaceTests */,
			);
			name = "UTD-marketplaceTests";
			packageProductDependencies = (
			);
			productName = "UTD-marketplaceTests";
			productReference = E883FD7E2DFA033D0081A8AE /* UTD-marketplaceTests.xctest */;
			productType = "com.apple.product-type.bundle.unit-test";
		};
		E883FD872DFA033D0081A8AE /* UTD-marketplaceUITests */ = {
			isa = PBXNativeTarget;
			buildConfigurationList = E883FD982DFA033D0081A8AE /* Build configuration list for PBXNativeTarget "UTD-marketplaceUITests" */;
			buildPhases = (
				E883FD842DFA033D0081A8AE /* Sources */,
				E883FD852DFA033D0081A8AE /* Frameworks */,
				E883FD862DFA033D0081A8AE /* Resources */,
			);
			buildRules = (
			);
			dependencies = (
				E883FD8A2DFA033D0081A8AE /* PBXTargetDependency */,
			);
			fileSystemSynchronizedGroups = (
				E883FD8B2DFA033D0081A8AE /* UTD-marketplaceUITests */,
			);
			name = "UTD-marketplaceUITests";
			packageProductDependencies = (
			);
			productName = "UTD-marketplaceUITests";
			productReference = E883FD882DFA033D0081A8AE /* UTD-marketplaceUITests.xctest */;
			productType = "com.apple.product-type.bundle.ui-testing";
		};
/* End PBXNativeTarget section */

/* Begin PBXProject section */
		E883FD692DFA033C0081A8AE /* Project object */ = {
			isa = PBXProject;
			attributes = {
				BuildIndependentTargetsInParallel = 1;
				LastSwiftUpdateCheck = 1640;
				LastUpgradeCheck = 2600;
				TargetAttributes = {
					E883FD702DFA033C0081A8AE = {
						CreatedOnToolsVersion = 16.4;
					};
					E883FD7D2DFA033D0081A8AE = {
						CreatedOnToolsVersion = 16.4;
						TestTargetID = E883FD702DFA033C0081A8AE;
					};
					E883FD872DFA033D0081A8AE = {
						CreatedOnToolsVersion = 16.4;
						TestTargetID = E883FD702DFA033C0081A8AE;
					};
				};
			};
			buildConfigurationList = E883FD6C2DFA033C0081A8AE /* Build configuration list for PBXProject "UTD-marketplace" */;
			developmentRegion = en;
			hasScannedForEncodings = 0;
			knownRegions = (
				en,
				Base,
			);
			mainGroup = E883FD682DFA033C0081A8AE;
			minimizedProjectReferenceProxies = 1;
			packageReferences = (
				E8631CE72E874A5D00B15EA3 /* XCRemoteSwiftPackageReference "firebase-ios-sdk" */,
			);
			preferredProjectObjectVersion = 77;
			productRefGroup = E883FD722DFA033C0081A8AE /* Products */;
			projectDirPath = "";
			projectRoot = "";
			targets = (
				E883FD702DFA033C0081A8AE /* UTD-marketplace */,
				E883FD7D2DFA033D0081A8AE /* UTD-marketplaceTests */,
				E883FD872DFA033D0081A8AE /* UTD-marketplaceUITests */,
			);
		};
/* End PBXProject section */

/* Begin PBXResourcesBuildPhase section */
		E883FD6F2DFA033C0081A8AE /* Resources */ = {
			isa = PBXResourcesBuildPhase;
			buildActionMask = 2147483647;
			files = (
			);
			runOnlyForDeploymentPostprocessing = 0;
		};
		E883FD7C2DFA033D0081A8AE /* Resources */ = {
			isa = PBXResourcesBuildPhase;
			buildActionMask = 2147483647;
			files = (
			);
			runOnlyForDeploymentPostprocessing = 0;
		};
		E883FD862DFA033D0081A8AE /* Resources */ = {
			isa = PBXResourcesBuildPhase;
			buildActionMask = 2147483647;
			files = (
			);
			runOnlyForDeploymentPostprocessing = 0;
		};
/* End PBXResourcesBuildPhase section */

/* Begin PBXSourcesBuildPhase section */
		E883FD6D2DFA033C0081A8AE /* Sources */ = {
			isa = PBXSourcesBuildPhase;
			buildActionMask = 2147483647;
			files = (
			);
			runOnlyForDeploymentPostprocessing = 0;
		};
		E883FD7A2DFA033D0081A8AE /* Sources */ = {
			isa = PBXSourcesBuildPhase;
			buildActionMask = 2147483647;
			files = (
			);
			runOnlyForDeploymentPostprocessing = 0;
		};
		E883FD842DFA033D0081A8AE /* Sources */ = {
			isa = PBXSourcesBuildPhase;
			buildActionMask = 2147483647;
			files = (
			);
			runOnlyForDeploymentPostprocessing = 0;
		};
/* End PBXSourcesBuildPhase section */

/* Begin PBXTargetDependency section */
		E883FD802DFA033D0081A8AE /* PBXTargetDependency */ = {
			isa = PBXTargetDependency;
			target = E883FD702DFA033C0081A8AE /* UTD-marketplace */;
			targetProxy = E883FD7F2DFA033D0081A8AE /* PBXContainerItemProxy */;
		};
		E883FD8A2DFA033D0081A8AE /* PBXTargetDependency */ = {
			isa = PBXTargetDependency;
			target = E883FD702DFA033C0081A8AE /* UTD-marketplace */;
			targetProxy = E883FD892DFA033D0081A8AE /* PBXContainerItemProxy */;
		};
/* End PBXTargetDependency section */

/* Begin XCBuildConfiguration section */
		E883FD902DFA033D0081A8AE /* Debug */ = {
			isa = XCBuildConfiguration;
			buildSettings = {
				ALWAYS_SEARCH_USER_PATHS = NO;
				ASSETCATALOG_COMPILER_GENERATE_SWIFT_ASSET_SYMBOL_EXTENSIONS = YES;
				CLANG_ANALYZER_NONNULL = YES;
				CLANG_ANALYZER_NUMBER_OBJECT_CONVERSION = YES_AGGRESSIVE;
				CLANG_CXX_LANGUAGE_STANDARD = "gnu++20";
				CLANG_ENABLE_MODULES = YES;
				CLANG_ENABLE_OBJC_ARC = YES;
				CLANG_ENABLE_OBJC_WEAK = YES;
				CLANG_WARN_BLOCK_CAPTURE_AUTORELEASING = YES;
				CLANG_WARN_BOOL_CONVERSION = YES;
				CLANG_WARN_COMMA = YES;
				CLANG_WARN_CONSTANT_CONVERSION = YES;
				CLANG_WARN_DEPRECATED_OBJC_IMPLEMENTATIONS = YES;
				CLANG_WARN_DIRECT_OBJC_ISA_USAGE = YES_ERROR;
				CLANG_WARN_DOCUMENTATION_COMMENTS = YES;
				CLANG_WARN_EMPTY_BODY = YES;
				CLANG_WARN_ENUM_CONVERSION = YES;
				CLANG_WARN_INFINITE_RECURSION = YES;
				CLANG_WARN_INT_CONVERSION = YES;
				CLANG_WARN_NON_LITERAL_NULL_CONVERSION = YES;
				CLANG_WARN_OBJC_IMPLICIT_RETAIN_SELF = YES;
				CLANG_WARN_OBJC_LITERAL_CONVERSION = YES;
				CLANG_WARN_OBJC_ROOT_CLASS = YES_ERROR;
				CLANG_WARN_QUOTED_INCLUDE_IN_FRAMEWORK_HEADER = YES;
				CLANG_WARN_RANGE_LOOP_ANALYSIS = YES;
				CLANG_WARN_STRICT_PROTOTYPES = YES;
				CLANG_WARN_SUSPICIOUS_MOVE = YES;
				CLANG_WARN_UNGUARDED_AVAILABILITY = YES_AGGRESSIVE;
				CLANG_WARN_UNREACHABLE_CODE = YES;
				CLANG_WARN__DUPLICATE_METHOD_MATCH = YES;
				COPY_PHASE_STRIP = NO;
				DEBUG_INFORMATION_FORMAT = dwarf;
				ENABLE_STRICT_OBJC_MSGSEND = YES;
				ENABLE_TESTABILITY = YES;
				ENABLE_USER_SCRIPT_SANDBOXING = YES;
				GCC_C_LANGUAGE_STANDARD = gnu17;
				GCC_DYNAMIC_NO_PIC = NO;
				GCC_NO_COMMON_BLOCKS = YES;
				GCC_OPTIMIZATION_LEVEL = 0;
				GCC_PREPROCESSOR_DEFINITIONS = (
					"DEBUG=1",
					"$(inherited)",
				);
				GCC_WARN_64_TO_32_BIT_CONVERSION = YES;
				GCC_WARN_ABOUT_RETURN_TYPE = YES_ERROR;
				GCC_WARN_UNDECLARED_SELECTOR = YES;
				GCC_WARN_UNINITIALIZED_AUTOS = YES_AGGRESSIVE;
				GCC_WARN_UNUSED_FUNCTION = YES;
				GCC_WARN_UNUSED_VARIABLE = YES;
				IPHONEOS_DEPLOYMENT_TARGET = 18.5;
				LOCALIZATION_PREFERS_STRING_CATALOGS = YES;
				MTL_ENABLE_DEBUG_INFO = INCLUDE_SOURCE;
				MTL_FAST_MATH = YES;
				ONLY_ACTIVE_ARCH = YES;
				SDKROOT = iphoneos;
				STRING_CATALOG_GENERATE_SYMBOLS = YES;
				SWIFT_ACTIVE_COMPILATION_CONDITIONS = "DEBUG $(inherited)";
				SWIFT_OPTIMIZATION_LEVEL = "-Onone";
			};
			name = Debug;
		};
		E883FD912DFA033D0081A8AE /* Release */ = {
			isa = XCBuildConfiguration;
			buildSettings = {
				ALWAYS_SEARCH_USER_PATHS = NO;
				ASSETCATALOG_COMPILER_GENERATE_SWIFT_ASSET_SYMBOL_EXTENSIONS = YES;
				CLANG_ANALYZER_NONNULL = YES;
				CLANG_ANALYZER_NUMBER_OBJECT_CONVERSION = YES_AGGRESSIVE;
				CLANG_CXX_LANGUAGE_STANDARD = "gnu++20";
				CLANG_ENABLE_MODULES = YES;
				CLANG_ENABLE_OBJC_ARC = YES;
				CLANG_ENABLE_OBJC_WEAK = YES;
				CLANG_WARN_BLOCK_CAPTURE_AUTORELEASING = YES;
				CLANG_WARN_BOOL_CONVERSION = YES;
				CLANG_WARN_COMMA = YES;
				CLANG_WARN_CONSTANT_CONVERSION = YES;
				CLANG_WARN_DEPRECATED_OBJC_IMPLEMENTATIONS = YES;
				CLANG_WARN_DIRECT_OBJC_ISA_USAGE = YES_ERROR;
				CLANG_WARN_DOCUMENTATION_COMMENTS = YES;
				CLANG_WARN_EMPTY_BODY = YES;
				CLANG_WARN_ENUM_CONVERSION = YES;
				CLANG_WARN_INFINITE_RECURSION = YES;
				CLANG_WARN_INT_CONVERSION = YES;
				CLANG_WARN_NON_LITERAL_NULL_CONVERSION = YES;
				CLANG_WARN_OBJC_IMPLICIT_RETAIN_SELF = YES;
				CLANG_WARN_OBJC_LITERAL_CONVERSION = YES;
				CLANG_WARN_OBJC_ROOT_CLASS = YES_ERROR;
				CLANG_WARN_QUOTED_INCLUDE_IN_FRAMEWORK_HEADER = YES;
				CLANG_WARN_RANGE_LOOP_ANALYSIS = YES;
				CLANG_WARN_STRICT_PROTOTYPES = YES;
				CLANG_WARN_SUSPICIOUS_MOVE = YES;
				CLANG_WARN_UNGUARDED_AVAILABILITY = YES_AGGRESSIVE;
				CLANG_WARN_UNREACHABLE_CODE = YES;
				CLANG_WARN__DUPLICATE_METHOD_MATCH = YES;
				COPY_PHASE_STRIP = NO;
				DEBUG_INFORMATION_FORMAT = "dwarf-with-dsym";
				ENABLE_NS_ASSERTIONS = NO;
				ENABLE_STRICT_OBJC_MSGSEND = YES;
				ENABLE_USER_SCRIPT_SANDBOXING = YES;
				GCC_C_LANGUAGE_STANDARD = gnu17;
				GCC_NO_COMMON_BLOCKS = YES;
				GCC_WARN_64_TO_32_BIT_CONVERSION = YES;
				GCC_WARN_ABOUT_RETURN_TYPE = YES_ERROR;
				GCC_WARN_UNDECLARED_SELECTOR = YES;
				GCC_WARN_UNINITIALIZED_AUTOS = YES_AGGRESSIVE;
				GCC_WARN_UNUSED_FUNCTION = YES;
				GCC_WARN_UNUSED_VARIABLE = YES;
				IPHONEOS_DEPLOYMENT_TARGET = 18.5;
				LOCALIZATION_PREFERS_STRING_CATALOGS = YES;
				MTL_ENABLE_DEBUG_INFO = NO;
				MTL_FAST_MATH = YES;
				SDKROOT = iphoneos;
				STRING_CATALOG_GENERATE_SYMBOLS = YES;
				SWIFT_COMPILATION_MODE = wholemodule;
				VALIDATE_PRODUCT = YES;
			};
			name = Release;
		};
		E883FD932DFA033D0081A8AE /* Debug */ = {
			isa = XCBuildConfiguration;
			buildSettings = {
				ASSETCATALOG_COMPILER_APPICON_NAME = AppIcon;
				ASSETCATALOG_COMPILER_GLOBAL_ACCENT_COLOR_NAME = AccentColor;
				ASSETCATALOG_COMPILER_INCLUDE_ALL_APPICON_ASSETS = NO;
				CODE_SIGN_ENTITLEMENTS = "UTD-marketplace/UTD-marketplace.entitlements";
				CODE_SIGN_STYLE = Automatic;
				CURRENT_PROJECT_VERSION = 1;
				ENABLE_PREVIEWS = YES;
				GENERATE_INFOPLIST_FILE = YES;
				INFOPLIST_KEY_LSApplicationCategoryType = "public.app-category.shopping";
				INFOPLIST_KEY_UIApplicationSceneManifest_Generation = YES;
				INFOPLIST_KEY_UIApplicationSupportsIndirectInputEvents = YES;
				INFOPLIST_KEY_UILaunchScreen_Generation = YES;
				INFOPLIST_KEY_UISupportedInterfaceOrientations_iPad = "UIInterfaceOrientationPortrait UIInterfaceOrientationPortraitUpsideDown UIInterfaceOrientationLandscapeLeft UIInterfaceOrientationLandscapeRight";
				INFOPLIST_KEY_UISupportedInterfaceOrientations_iPhone = "UIInterfaceOrientationPortrait UIInterfaceOrientationLandscapeLeft UIInterfaceOrientationLandscapeRight";
				LD_RUNPATH_SEARCH_PATHS = (
					"$(inherited)",
					"@executable_path/Frameworks",
				);
				MARKETING_VERSION = 1.0;
				PRODUCT_BUNDLE_IDENTIFIER = "com.alexwang.UTD-marketplace";
				PRODUCT_NAME = "$(TARGET_NAME)";
				SWIFT_EMIT_LOC_STRINGS = YES;
				SWIFT_VERSION = 5.0;
				TARGETED_DEVICE_FAMILY = "1,2";
			};
			name = Debug;
		};
		E883FD942DFA033D0081A8AE /* Release */ = {
			isa = XCBuildConfiguration;
			buildSettings = {
				ASSETCATALOG_COMPILER_APPICON_NAME = AppIcon;
				ASSETCATALOG_COMPILER_GLOBAL_ACCENT_COLOR_NAME = AccentColor;
				ASSETCATALOG_COMPILER_INCLUDE_ALL_APPICON_ASSETS = NO;
				CODE_SIGN_ENTITLEMENTS = "UTD-marketplace/UTD-marketplace.entitlements";
				CODE_SIGN_STYLE = Automatic;
				CURRENT_PROJECT_VERSION = 1;
				ENABLE_PREVIEWS = YES;
				GENERATE_INFOPLIST_FILE = YES;
				INFOPLIST_KEY_LSApplicationCategoryType = "public.app-category.shopping";
				INFOPLIST_KEY_UIApplicationSceneManifest_Generation = YES;
				INFOPLIST_KEY_UIApplicationSupportsIndirectInputEvents = YES;
				INFOPLIST_KEY_UILaunchScreen_Generation = YES;
				INFOPLIST_KEY_UISupportedInterfaceOrientations_iPad = "UIInterfaceOrientationPortrait UIInterfaceOrientationPortraitUpsideDown UIInterfaceOrientationLandscapeLeft UIInterfaceOrientationLandscapeRight";
				INFOPLIST_KEY_UISupportedInterfaceOrientations_iPhone = "UIInterfaceOrientationPortrait UIInterfaceOrientationLandscapeLeft UIInterfaceOrientationLandscapeRight";
				LD_RUNPATH_SEARCH_PATHS = (
					"$(inherited)",
					"@executable_path/Frameworks",
				);
				MARKETING_VERSION = 1.0;
				PRODUCT_BUNDLE_IDENTIFIER = "com.alexwang.UTD-marketplace";
				PRODUCT_NAME = "$(TARGET_NAME)";
				SWIFT_EMIT_LOC_STRINGS = YES;
				SWIFT_VERSION = 5.0;
				TARGETED_DEVICE_FAMILY = "1,2";
			};
			name = Release;
		};
		E883FD962DFA033D0081A8AE /* Debug */ = {
			isa = XCBuildConfiguration;
			buildSettings = {
				BUNDLE_LOADER = "$(TEST_HOST)";
				CODE_SIGN_STYLE = Automatic;
				CURRENT_PROJECT_VERSION = 1;
				GENERATE_INFOPLIST_FILE = YES;
				IPHONEOS_DEPLOYMENT_TARGET = 18.5;
				MARKETING_VERSION = 1.0;
				PRODUCT_BUNDLE_IDENTIFIER = "com.alexwang.UTD-marketplaceTests";
				PRODUCT_NAME = "$(TARGET_NAME)";
				SWIFT_EMIT_LOC_STRINGS = NO;
				SWIFT_VERSION = 5.0;
				TARGETED_DEVICE_FAMILY = "1,2";
				TEST_HOST = "$(BUILT_PRODUCTS_DIR)/UTD-marketplace.app/$(BUNDLE_EXECUTABLE_FOLDER_PATH)/UTD-marketplace";
			};
			name = Debug;
		};
		E883FD972DFA033D0081A8AE /* Release */ = {
			isa = XCBuildConfiguration;
			buildSettings = {
				BUNDLE_LOADER = "$(TEST_HOST)";
				CODE_SIGN_STYLE = Automatic;
				CURRENT_PROJECT_VERSION = 1;
				GENERATE_INFOPLIST_FILE = YES;
				IPHONEOS_DEPLOYMENT_TARGET = 18.5;
				MARKETING_VERSION = 1.0;
				PRODUCT_BUNDLE_IDENTIFIER = "com.alexwang.UTD-marketplaceTests";
				PRODUCT_NAME = "$(TARGET_NAME)";
				SWIFT_EMIT_LOC_STRINGS = NO;
				SWIFT_VERSION = 5.0;
				TARGETED_DEVICE_FAMILY = "1,2";
				TEST_HOST = "$(BUILT_PRODUCTS_DIR)/UTD-marketplace.app/$(BUNDLE_EXECUTABLE_FOLDER_PATH)/UTD-marketplace";
			};
			name = Release;
		};
		E883FD992DFA033D0081A8AE /* Debug */ = {
			isa = XCBuildConfiguration;
			buildSettings = {
				CODE_SIGN_STYLE = Automatic;
				CURRENT_PROJECT_VERSION = 1;
				GENERATE_INFOPLIST_FILE = YES;
				MARKETING_VERSION = 1.0;
				PRODUCT_BUNDLE_IDENTIFIER = "com.alexwang.UTD-marketplaceUITests";
				PRODUCT_NAME = "$(TARGET_NAME)";
				SWIFT_EMIT_LOC_STRINGS = NO;
				SWIFT_VERSION = 5.0;
				TARGETED_DEVICE_FAMILY = "1,2";
				TEST_TARGET_NAME = "UTD-marketplace";
			};
			name = Debug;
		};
		E883FD9A2DFA033D0081A8AE /* Release */ = {
			isa = XCBuildConfiguration;
			buildSettings = {
				CODE_SIGN_STYLE = Automatic;
				CURRENT_PROJECT_VERSION = 1;
				GENERATE_INFOPLIST_FILE = YES;
				MARKETING_VERSION = 1.0;
				PRODUCT_BUNDLE_IDENTIFIER = "com.alexwang.UTD-marketplaceUITests";
				PRODUCT_NAME = "$(TARGET_NAME)";
				SWIFT_EMIT_LOC_STRINGS = NO;
				SWIFT_VERSION = 5.0;
				TARGETED_DEVICE_FAMILY = "1,2";
				TEST_TARGET_NAME = "UTD-marketplace";
			};
			name = Release;
		};
/* End XCBuildConfiguration section */

/* Begin XCConfigurationList section */
		E883FD6C2DFA033C0081A8AE /* Build configuration list for PBXProject "UTD-marketplace" */ = {
			isa = XCConfigurationList;
			buildConfigurations = (
				E883FD902DFA033D0081A8AE /* Debug */,
				E883FD912DFA033D0081A8AE /* Release */,
			);
			defaultConfigurationIsVisible = 0;
			defaultConfigurationName = Release;
		};
		E883FD922DFA033D0081A8AE /* Build configuration list for PBXNativeTarget "UTD-marketplace" */ = {
			isa = XCConfigurationList;
			buildConfigurations = (
				E883FD932DFA033D0081A8AE /* Debug */,
				E883FD942DFA033D0081A8AE /* Release */,
			);
			defaultConfigurationIsVisible = 0;
			defaultConfigurationName = Release;
		};
		E883FD952DFA033D0081A8AE /* Build configuration list for PBXNativeTarget "UTD-marketplaceTests" */ = {
			isa = XCConfigurationList;
			buildConfigurations = (
				E883FD962DFA033D0081A8AE /* Debug */,
				E883FD972DFA033D0081A8AE /* Release */,
			);
			defaultConfigurationIsVisible = 0;
			defaultConfigurationName = Release;
		};
		E883FD982DFA033D0081A8AE /* Build configuration list for PBXNativeTarget "UTD-marketplaceUITests" */ = {
			isa = XCConfigurationList;
			buildConfigurations = (
				E883FD992DFA033D0081A8AE /* Debug */,
				E883FD9A2DFA033D0081A8AE /* Release */,
			);
			defaultConfigurationIsVisible = 0;
			defaultConfigurationName = Release;
		};
/* End XCConfigurationList section */

/* Begin XCRemoteSwiftPackageReference section */
		E8631CE72E874A5D00B15EA3 /* XCRemoteSwiftPackageReference "firebase-ios-sdk" */ = {
			isa = XCRemoteSwiftPackageReference;
			repositoryURL = "https://github.com/firebase/firebase-ios-sdk";
			requirement = {
				kind = upToNextMajorVersion;
				minimumVersion = 12.3.0;
			};
		};
/* End XCRemoteSwiftPackageReference section */

/* Begin XCSwiftPackageProductDependency section */
		E8631CE82E874A5D00B15EA3 /* FirebaseAnalytics */ = {
			isa = XCSwiftPackageProductDependency;
			package = E8631CE72E874A5D00B15EA3 /* XCRemoteSwiftPackageReference "firebase-ios-sdk" */;
			productName = FirebaseAnalytics;
		};
		E8631CEA2E874A5D00B15EA3 /* FirebaseMessaging */ = {
			isa = XCSwiftPackageProductDependency;
			package = E8631CE72E874A5D00B15EA3 /* XCRemoteSwiftPackageReference "firebase-ios-sdk" */;
			productName = FirebaseMessaging;
		};
/* End XCSwiftPackageProductDependency section */
	};
	rootObject = E883FD692DFA033C0081A8AE /* Project object */;
}
